
Microsoft Visual Studio Solution File, Format Version 12.00
# Visual Studio Version 16
VisualStudioVersion = 16.0.30011.22
MinimumVisualStudioVersion = 10.0.40219.1
Project("{FAE04EC0-301F-11D3-BF4B-00C04F79EFBC}") = "FYPML.HOST", "FYPML.HOST\FYPML.HOST.csproj", "{7CD982A8-4CFA-419F-91CC-428DC5BD5CBD}"
EndProject
Project("{FAE04EC0-301F-11D3-BF4B-00C04F79EFBC}") = "FYPML.TrainingMdoels", "FYPML.TrainingMdoels\FYPML.TrainingMdoels.csproj", "{D6537531-E492-43B4-A6C9-BE00743F93C7}"
EndProject
Global
	GlobalSection(SolutionConfigurationPlatforms) = preSolution
		Debug|Any CPU = Debug|Any CPU
		Release|Any CPU = Release|Any CPU
	EndGlobalSection
	GlobalSection(ProjectConfigurationPlatforms) = postSolution
		{7CD982A8-4CFA-419F-91CC-428DC5BD5CBD}.Debug|Any CPU.ActiveCfg = Debug|Any CPU
		{7CD982A8-4CFA-419F-91CC-428DC5BD5CBD}.Debug|Any CPU.Build.0 = Debug|Any CPU
		{7CD982A8-4CFA-419F-91CC-428DC5BD5CBD}.Release|Any CPU.ActiveCfg = Release|Any CPU
		{7CD982A8-4CFA-419F-91CC-428DC5BD5CBD}.Release|Any CPU.Build.0 = Release|Any CPU
		{D6537531-E492-43B4-A6C9-BE00743F93C7}.Debug|Any CPU.ActiveCfg = Debug|Any CPU
		{D6537531-E492-43B4-A6C9-BE00743F93C7}.Debug|Any CPU.Build.0 = Debug|Any CPU
		{D6537531-E492-43B4-A6C9-BE00743F93C7}.Release|Any CPU.ActiveCfg = Release|Any CPU
		{D6537531-E492-43B4-A6C9-BE00743F93C7}.Release|Any CPU.Build.0 = Release|Any CPU
	EndGlobalSection
	GlobalSection(SolutionProperties) = preSolution
		HideSolutionNode = FALSE
	EndGlobalSection
	GlobalSection(ExtensibilityGlobals) = postSolution
		SolutionGuid = {BC6431CC-CCC4-4B67-8239-96AE9A444CFD}
	EndGlobalSection
EndGlobal
